<?xml version="1.0" encoding="utf-8"?>
<Project ToolsVersion="4.0" xmlns="http://schemas.microsoft.com/developer/msbuild/2003">
  <ItemGroup>
    <ClCompile Include="stb_image.cpp">
      <Filter>Externals</Filter>
    </ClCompile>
    <ClCompile Include="glad.c">
      <Filter>Externals</Filter>
    </ClCompile>
    <ClCompile Include="main.cpp">
      <Filter>Source</Filter>
    </ClCompile>
  </ItemGroup>
  <ItemGroup>
    <ClInclude Include="Shader.h">
      <Filter>Headers</Filter>
    </ClInclude>
    <ClInclude Include="Mesh.h">
      <Filter>Headers</Filter>
    </ClInclude>
    <ClInclude Include="Model.h">
      <Filter>Headers</Filter>
    </ClInclude>
    <ClInclude Include="stb_image.h">
      <Filter>Externals</Filter>
    </ClInclude>
    <ClInclude Include="Camera.h">
      <Filter>Headers</Filter>
    </ClInclude>
    <ClInclude Include="Constants.h">
      <Filter>Headers</Filter>
    </ClInclude>
  </ItemGroup>
  <ItemGroup>
    <Filter Include="Externals">
      <UniqueIdentifier>{c7b21150-b1ce-4af5-953f-c8566b0cf37d}</UniqueIdentifier>
    </Filter>
    <Filter Include="Headers">
      <UniqueIdentifier>{2627f776-093c-420b-9c9a-10357575e3f4}</UniqueIdentifier>
    </Filter>
    <Filter Include="Source">
      <UniqueIdentifier>{94c8ecf0-9f67-4cbf-9f9b-6079d57d907c}</UniqueIdentifier>
    </Filter>
  </ItemGroup>
</Project>